
Microsoft Visual Studio Solution File, Format Version 12.00
# Visual Studio 15
VisualStudioVersion = 15.0.27703.2035
MinimumVisualStudioVersion = 10.0.40219.1
Project("{FAE04EC0-301F-11D3-BF4B-00C04F79EFBC}") = "project1", "project1.csproj", "{66A75AFE-509E-4BF7-AF47-8DBFCFAA9B31}"
EndProject
Project("{FAE04EC0-301F-11D3-BF4B-00C04F79EFBC}") = "NotesAppLibrary", "NotesAppLibrary\NotesAppLibrary.csproj", "{497D732B-65D1-447C-BC1A-CD0015B5EDD2}"
EndProject
Global
	GlobalSection(SolutionConfigurationPlatforms) = preSolution
		Debug|Any CPU = Debug|Any CPU
		Release|Any CPU = Release|Any CPU
	EndGlobalSection
	GlobalSection(ProjectConfigurationPlatforms) = postSolution
		{66A75AFE-509E-4BF7-AF47-8DBFCFAA9B31}.Debug|Any CPU.ActiveCfg = Debug|Any CPU
		{66A75AFE-509E-4BF7-AF47-8DBFCFAA9B31}.Debug|Any CPU.Build.0 = Debug|Any CPU
		{66A75AFE-509E-4BF7-AF47-8DBFCFAA9B31}.Release|Any CPU.ActiveCfg = Release|Any CPU
		{66A75AFE-509E-4BF7-AF47-8DBFCFAA9B31}.Release|Any CPU.Build.0 = Release|Any CPU
		{497D732B-65D1-447C-BC1A-CD0015B5EDD2}.Debug|Any CPU.ActiveCfg = Debug|Any CPU
		{497D732B-65D1-447C-BC1A-CD0015B5EDD2}.Debug|Any CPU.Build.0 = Debug|Any CPU
		{497D732B-65D1-447C-BC1A-CD0015B5EDD2}.Release|Any CPU.ActiveCfg = Release|Any CPU
		{497D732B-65D1-447C-BC1A-CD0015B5EDD2}.Release|Any CPU.Build.0 = Release|Any CPU
	EndGlobalSection
	GlobalSection(SolutionProperties) = preSolution
		HideSolutionNode = FALSE
	EndGlobalSection
	GlobalSection(ExtensibilityGlobals) = postSolution
		SolutionGuid = {4BE9350C-9DA8-43D7-BB54-10537CE1D3F8}
	EndGlobalSection
EndGlobal
